<?xml version="1.0" encoding="utf-8"?>
<Project ToolsVersion="4.0" xmlns="http://schemas.microsoft.com/developer/msbuild/2003">
  <ItemGroup>
    <Filter Include="Source Files">
      <UniqueIdentifier>{4FC737F1-C7A5-4376-A066-2A32D752A2FF}</UniqueIdentifier>
      <Extensions>cpp;c;cc;cxx;def;odl;idl;hpj;bat;asm;asmx</Extensions>
    </Filter>
    <Filter Include="Header Files">
      <UniqueIdentifier>{93995380-89BD-4b04-88EB-625FBE52EBFB}</UniqueIdentifier>
      <Extensions>h;hh;hpp;hxx;hm;inl;inc;xsd</Extensions>
    </Filter>
    <Filter Include="Resource Files">
      <UniqueIdentifier>{67DA6AB6-F800-4c08-8B7A-83BB121AAD01}</UniqueIdentifier>
      <Extensions>rc;ico;cur;bmp;dlg;rc2;rct;bin;rgs;gif;jpg;jpeg;jpe;resx;tiff;tif;png;wav;mfcribbon-ms</Extensions>
    </Filter>
  </ItemGroup>
  <ItemGroup>
    <ClInclude Include="targetver.h">
      <Filter>Header Files</Filter>
    </ClInclude>
    <ClInclude Include="CGLRenderModel.h">
      <Filter>Source Files</Filter>
    </ClInclude>
    <ClInclude Include="Polygon.h">
      <Filter>Source Files</Filter>
    </ClInclude>
    <ClInclude Include="thirdparty\openvr-1.0.5\samples\shared\compat.h">
      <Filter>Source Files</Filter>
    </ClInclude>
    <ClInclude Include="Matrices.h">
      <Filter>Source Files</Filter>
    </ClInclude>
    <ClInclude Include="thirdparty\openvr-1.0.5\samples\shared\pathtools.h">
      <Filter>Source Files</Filter>
    </ClInclude>
    <ClInclude Include="App.h">
      <Filter>Source Files</Filter>
    </ClInclude>
    <ClInclude Include="GlUtil.h">
      <Filter>Header Files</Filter>
    </ClInclude>
    <ClInclude Include="lodepng.h">
      <Filter>Header Files</Filter>
    </ClInclude>
    <ClInclude Include="Vectors.h">
      <Filter>Source Files</Filter>
    </ClInclude>
    <ClInclude Include="Geom.h">
      <Filter>Header Files</Filter>
    </ClInclude>
  </ItemGroup>
  <ItemGroup>
    <ClCompile Include="vrcad.cpp">
      <Filter>Source Files</Filter>
    </ClCompile>
    <ClCompile Include="CGLRenderModel.cpp">
      <Filter>Source Files</Filter>
    </ClCompile>
    <ClCompile Include="Polygon.cpp">
      <Filter>Source Files</Filter>
    </ClCompile>
    <ClCompile Include="thirdparty\openvr-1.0.5\samples\shared\pathtools.cpp">
      <Filter>Source Files</Filter>
    </ClCompile>
    <ClCompile Include="App.cpp">
      <Filter>Source Files</Filter>
    </ClCompile>
    <ClCompile Include="GlUtil.cpp">
      <Filter>Source Files</Filter>
    </ClCompile>
    <ClCompile Include="Matrices.cpp">
      <Filter>Source Files</Filter>
    </ClCompile>
    <ClCompile Include="lodepng.cpp">
      <Filter>Source Files</Filter>
    </ClCompile>
    <ClCompile Include="Geom.cpp">
      <Filter>Source Files</Filter>
    </ClCompile>
  </ItemGroup>
  <ItemGroup>
    <None Include="assets\controllerShader.vert" />
    <None Include="assets\sceneShader.vert" />
    <None Include="assets\sceneShader.frag" />
    <None Include="assets\ControllerShader.frag" />
    <None Include="assets\RenderModelShader.vert" />
    <None Include="assets\RenderModelShader.frag" />
    <None Include="assets\MonitorWindowShader.vert" />
    <None Include="assets\MonitorWindowShader.frag" />
  </ItemGroup>
</Project>